
Microsoft Visual Studio Solution File, Format Version 11.00
# Visual Studio 2010
Project("{FAE04EC0-301F-11D3-BF4B-00C04F79EFBC}") = "Bulldog Pickup", "Assembly-CSharp.csproj", "{80419A3E-71F8-3B56-3871-5F095774CBAC}"
EndProject
Global
	GlobalSection(SolutionConfigurationPlatforms) = preSolution
		Debug|Any CPU = Debug|Any CPU
		Release|Any CPU = Release|Any CPU
	EndGlobalSection
	GlobalSection(ProjectConfigurationPlatforms) = postSolution
		{80419A3E-71F8-3B56-3871-5F095774CBAC}.Debug|Any CPU.ActiveCfg = Debug|Any CPU
		{80419A3E-71F8-3B56-3871-5F095774CBAC}.Debug|Any CPU.Build.0 = Debug|Any CPU
		{80419A3E-71F8-3B56-3871-5F095774CBAC}.Release|Any CPU.ActiveCfg = Release|Any CPU
		{80419A3E-71F8-3B56-3871-5F095774CBAC}.Release|Any CPU.Build.0 = Release|Any CPU
	EndGlobalSection
	GlobalSection(SolutionProperties) = preSolution
		HideSolutionNode = FALSE
	EndGlobalSection
	GlobalSection(MonoDevelopProperties) = preSolution
		StartupItem = Assembly-CSharp.csproj
	EndGlobalSection
EndGlobal
